
Microsoft Visual Studio Solution File, Format Version 12.00
# Visual Studio 14
VisualStudioVersion = 14.0.23107.0
MinimumVisualStudioVersion = 10.0.40219.1
Project("{FAE04EC0-301F-11D3-BF4B-00C04F79EFBC}") = "dotless.Core", "dotless.Core\dotless.Core.csproj", "{D7A24E58-68D0-4B10-A324-EA33C822FA56}"
EndProject
Project("{FAE04EC0-301F-11D3-BF4B-00C04F79EFBC}") = "dotless.Compiler", "dotless.Compiler\dotless.Compiler.csproj", "{D0CE2A3A-5086-494A-A967-5D54B41BBC64}"
EndProject
Project("{2150E333-8FDC-42A3-9474-1A3956D46DE8}") = ".nuget", ".nuget", "{C91800D3-BFD5-4EAF-8521-3696F829FB57}"
	ProjectSection(SolutionItems) = preProject
		.nuget\packages.config = .nuget\packages.config
	EndProjectSection
EndProject
Global
	GlobalSection(SolutionConfigurationPlatforms) = preSolution
		Debug|Any CPU = Debug|Any CPU
		Release|Any CPU = Release|Any CPU
	EndGlobalSection
	GlobalSection(ProjectConfigurationPlatforms) = postSolution
		{D7A24E58-68D0-4B10-A324-EA33C822FA56}.Debug|Any CPU.ActiveCfg = Debug|Any CPU
		{D7A24E58-68D0-4B10-A324-EA33C822FA56}.Debug|Any CPU.Build.0 = Debug|Any CPU
		{D7A24E58-68D0-4B10-A324-EA33C822FA56}.Release|Any CPU.ActiveCfg = Release|Any CPU
		{D7A24E58-68D0-4B10-A324-EA33C822FA56}.Release|Any CPU.Build.0 = Release|Any CPU
		{D0CE2A3A-5086-494A-A967-5D54B41BBC64}.Debug|Any CPU.ActiveCfg = Debug|Any CPU
		{D0CE2A3A-5086-494A-A967-5D54B41BBC64}.Debug|Any CPU.Build.0 = Debug|Any CPU
		{D0CE2A3A-5086-494A-A967-5D54B41BBC64}.Release|Any CPU.ActiveCfg = Release|Any CPU
		{D0CE2A3A-5086-494A-A967-5D54B41BBC64}.Release|Any CPU.Build.0 = Release|Any CPU
	EndGlobalSection
	GlobalSection(SolutionProperties) = preSolution
		HideSolutionNode = FALSE
	EndGlobalSection
EndGlobal
